
Microsoft Visual Studio Solution File, Format Version 12.00
# Visual Studio Version 16
VisualStudioVersion = 16.0.30413.136
MinimumVisualStudioVersion = 10.0.40219.1
Project("{FAE04EC0-301F-11D3-BF4B-00C04F79EFBC}") = "MVCWeb", "MVCWeb\MVCWeb.csproj", "{3C595260-AED2-4654-9FA2-AE3377D592E7}"
EndProject
Global
	GlobalSection(SolutionConfigurationPlatforms) = preSolution
		Debug|Any CPU = Debug|Any CPU
		Release|Any CPU = Release|Any CPU
	EndGlobalSection
	GlobalSection(ProjectConfigurationPlatforms) = postSolution
		{3C595260-AED2-4654-9FA2-AE3377D592E7}.Debug|Any CPU.ActiveCfg = Debug|Any CPU
		{3C595260-AED2-4654-9FA2-AE3377D592E7}.Debug|Any CPU.Build.0 = Debug|Any CPU
		{3C595260-AED2-4654-9FA2-AE3377D592E7}.Release|Any CPU.ActiveCfg = Release|Any CPU
		{3C595260-AED2-4654-9FA2-AE3377D592E7}.Release|Any CPU.Build.0 = Release|Any CPU
	EndGlobalSection
	GlobalSection(SolutionProperties) = preSolution
		HideSolutionNode = FALSE
	EndGlobalSection
	GlobalSection(ExtensibilityGlobals) = postSolution
		SolutionGuid = {20FB13B9-D4E5-46D5-BE56-E0C97FD80561}
	EndGlobalSection
EndGlobal
